# generated by rye
# use `rye lock` or `rye sync` to update this lockfile
#
# last locked with the following flags:
#   pre: false
#   features: []
#   all-features: false
#   with-sources: false
#   generate-hashes: false
#   universal: false

-e file:.
cffi==1.17.1
    # via extism-sys
extism-sys==1.9.1
    # via boot-template-plugin
jinja2==3.1.5
    # via boot-template-plugin
markupsafe==3.0.2
    # via jinja2
pycparser==2.22
    # via cffi
